// !$*UTF8*$!
{
	archiveVersion = 1;
	classes = {
	};
	objectVersion = 48;
	objects = {

/* Begin PBXBuildFile section */
		545F2AB41FEC2752007EBECB /* AppDelegate.swift in Sources */ = {isa = PBXBuildFile; fileRef = 545F2AB31FEC2752007EBECB /* AppDelegate.swift */; };
		545F2AB61FEC2752007EBECB /* CardsViewController.swift in Sources */ = {isa = PBXBuildFile; fileRef = 545F2AB51FEC2752007EBECB /* CardsViewController.swift */; };
		545F2AB91FEC2752007EBECB /* Main.storyboard in Resources */ = {isa = PBXBuildFile; fileRef = 545F2AB71FEC2752007EBECB /* Main.storyboard */; };
		545F2ABB1FEC2752007EBECB /* Assets.xcassets in Resources */ = {isa = PBXBuildFile; fileRef = 545F2ABA1FEC2752007EBECB /* Assets.xcassets */; };
		545F2ABE1FEC2752007EBECB /* LaunchScreen.storyboard in Resources */ = {isa = PBXBuildFile; fileRef = 545F2ABC1FEC2752007EBECB /* LaunchScreen.storyboard */; };
		814A6EA01FED5A6D00622332 /* HistoryCellView.swift in Sources */ = {isa = PBXBuildFile; fileRef = 814A6E9F1FED5A6D00622332 /* HistoryCellView.swift */; };
		814A6EA21FED5FCD00622332 /* Cards.swift in Sources */ = {isa = PBXBuildFile; fileRef = 814A6EA11FED5FCD00622332 /* Cards.swift */; };
		814A6EA41FED60F400622332 /* NetworkHelper.swift in Sources */ = {isa = PBXBuildFile; fileRef = 814A6EA31FED60F400622332 /* NetworkHelper.swift */; };
		814A6EA61FED626600622332 /* HistoryCellView.xib in Resources */ = {isa = PBXBuildFile; fileRef = 814A6EA51FED626600622332 /* HistoryCellView.xib */; };
		814A6EAA1FED7C6D00622332 /* CardCollectionViewCell.swift in Sources */ = {isa = PBXBuildFile; fileRef = 814A6EA91FED7C6D00622332 /* CardCollectionViewCell.swift */; };
		814A6EAC1FEDA70E00622332 /* RecentDataStore.swift in Sources */ = {isa = PBXBuildFile; fileRef = 814A6EAB1FEDA70E00622332 /* RecentDataStore.swift */; };
		814A6EAE1FEDA76C00622332 /* RecentData.swift in Sources */ = {isa = PBXBuildFile; fileRef = 814A6EAD1FEDA76C00622332 /* RecentData.swift */; };
		814A6EB01FEDAA6400622332 /* DataModel.swift in Sources */ = {isa = PBXBuildFile; fileRef = 814A6EAF1FEDAA6400622332 /* DataModel.swift */; };
		814A6EB21FEDAFAA00622332 /* RecentDataViewController.swift in Sources */ = {isa = PBXBuildFile; fileRef = 814A6EB11FEDAFAA00622332 /* RecentDataViewController.swift */; };
		814A6EB41FEDB13C00622332 /* RecentsCollectionViewCell.swift in Sources */ = {isa = PBXBuildFile; fileRef = 814A6EB31FEDB13C00622332 /* RecentsCollectionViewCell.swift */; };
		814A6EB61FEDB1A800622332 /* RecentsTableViewCell.swift in Sources */ = {isa = PBXBuildFile; fileRef = 814A6EB51FEDB1A800622332 /* RecentsTableViewCell.swift */; };
/* End PBXBuildFile section */

/* Begin PBXFileReference section */
		545F2AB01FEC2752007EBECB /* AC-iOS-MidUnit4Assessment-StudentVersion.app */ = {isa = PBXFileReference; explicitFileType = wrapper.application; includeInIndex = 0; path = "AC-iOS-MidUnit4Assessment-StudentVersion.app"; sourceTree = BUILT_PRODUCTS_DIR; };
		545F2AB31FEC2752007EBECB /* AppDelegate.swift */ = {isa = PBXFileReference; lastKnownFileType = sourcecode.swift; path = AppDelegate.swift; sourceTree = "<group>"; };
		545F2AB51FEC2752007EBECB /* CardsViewController.swift */ = {isa = PBXFileReference; lastKnownFileType = sourcecode.swift; path = CardsViewController.swift; sourceTree = "<group>"; };
		545F2AB81FEC2752007EBECB /* Base */ = {isa = PBXFileReference; lastKnownFileType = file.storyboard; name = Base; path = Base.lproj/Main.storyboard; sourceTree = "<group>"; };
		545F2ABA1FEC2752007EBECB /* Assets.xcassets */ = {isa = PBXFileReference; lastKnownFileType = folder.assetcatalog; path = Assets.xcassets; sourceTree = "<group>"; };
		545F2ABD1FEC2752007EBECB /* Base */ = {isa = PBXFileReference; lastKnownFileType = file.storyboard; name = Base; path = Base.lproj/LaunchScreen.storyboard; sourceTree = "<group>"; };
		545F2ABF1FEC2752007EBECB /* Info.plist */ = {isa = PBXFileReference; lastKnownFileType = text.plist.xml; path = Info.plist; sourceTree = "<group>"; };
		814A6E9F1FED5A6D00622332 /* HistoryCellView.swift */ = {isa = PBXFileReference; lastKnownFileType = sourcecode.swift; path = HistoryCellView.swift; sourceTree = "<group>"; };
		814A6EA11FED5FCD00622332 /* Cards.swift */ = {isa = PBXFileReference; lastKnownFileType = sourcecode.swift; path = Cards.swift; sourceTree = "<group>"; };
		814A6EA31FED60F400622332 /* NetworkHelper.swift */ = {isa = PBXFileReference; lastKnownFileType = sourcecode.swift; path = NetworkHelper.swift; sourceTree = "<group>"; };
		814A6EA51FED626600622332 /* HistoryCellView.xib */ = {isa = PBXFileReference; lastKnownFileType = file.xib; path = HistoryCellView.xib; sourceTree = "<group>"; };
		814A6EA91FED7C6D00622332 /* CardCollectionViewCell.swift */ = {isa = PBXFileReference; lastKnownFileType = sourcecode.swift; path = CardCollectionViewCell.swift; sourceTree = "<group>"; };
		814A6EAB1FEDA70E00622332 /* RecentDataStore.swift */ = {isa = PBXFileReference; lastKnownFileType = sourcecode.swift; path = RecentDataStore.swift; sourceTree = "<group>"; };
		814A6EAD1FEDA76C00622332 /* RecentData.swift */ = {isa = PBXFileReference; lastKnownFileType = sourcecode.swift; path = RecentData.swift; sourceTree = "<group>"; };
		814A6EAF1FEDAA6400622332 /* DataModel.swift */ = {isa = PBXFileReference; lastKnownFileType = sourcecode.swift; path = DataModel.swift; sourceTree = "<group>"; };
		814A6EB11FEDAFAA00622332 /* RecentDataViewController.swift */ = {isa = PBXFileReference; lastKnownFileType = sourcecode.swift; path = RecentDataViewController.swift; sourceTree = "<group>"; };
		814A6EB31FEDB13C00622332 /* RecentsCollectionViewCell.swift */ = {isa = PBXFileReference; lastKnownFileType = sourcecode.swift; path = RecentsCollectionViewCell.swift; sourceTree = "<group>"; };
		814A6EB51FEDB1A800622332 /* RecentsTableViewCell.swift */ = {isa = PBXFileReference; lastKnownFileType = sourcecode.swift; path = RecentsTableViewCell.swift; sourceTree = "<group>"; };
/* End PBXFileReference section */

/* Begin PBXFrameworksBuildPhase section */
		545F2AAD1FEC2752007EBECB /* Frameworks */ = {
			isa = PBXFrameworksBuildPhase;
			buildActionMask = 2147483647;
			files = (
			);
			runOnlyForDeploymentPostprocessing = 0;
		};
/* End PBXFrameworksBuildPhase section */

/* Begin PBXGroup section */
		545F2AA71FEC2752007EBECB = {
			isa = PBXGroup;
			children = (
				814A6EA31FED60F400622332 /* NetworkHelper.swift */,
				814A6EAD1FEDA76C00622332 /* RecentData.swift */,
				814A6EA11FED5FCD00622332 /* Cards.swift */,
				814A6EAB1FEDA70E00622332 /* RecentDataStore.swift */,
				814A6EAF1FEDAA6400622332 /* DataModel.swift */,
				545F2AB21FEC2752007EBECB /* AC-iOS-MidUnit4Assessment-StudentVersion */,
				545F2AB11FEC2752007EBECB /* Products */,
			);
			sourceTree = "<group>";
		};
		545F2AB11FEC2752007EBECB /* Products */ = {
			isa = PBXGroup;
			children = (
				545F2AB01FEC2752007EBECB /* AC-iOS-MidUnit4Assessment-StudentVersion.app */,
			);
			name = Products;
			sourceTree = "<group>";
		};
		545F2AB21FEC2752007EBECB /* AC-iOS-MidUnit4Assessment-StudentVersion */ = {
			isa = PBXGroup;
			children = (
				545F2AB31FEC2752007EBECB /* AppDelegate.swift */,
				545F2AB51FEC2752007EBECB /* CardsViewController.swift */,
				814A6EA91FED7C6D00622332 /* CardCollectionViewCell.swift */,
				814A6EA51FED626600622332 /* HistoryCellView.xib */,
				814A6E9F1FED5A6D00622332 /* HistoryCellView.swift */,
				814A6EB11FEDAFAA00622332 /* RecentDataViewController.swift */,
				545F2AB71FEC2752007EBECB /* Main.storyboard */,
				814A6EB31FEDB13C00622332 /* RecentsCollectionViewCell.swift */,
				814A6EB51FEDB1A800622332 /* RecentsTableViewCell.swift */,
				545F2ABA1FEC2752007EBECB /* Assets.xcassets */,
				545F2ABC1FEC2752007EBECB /* LaunchScreen.storyboard */,
				545F2ABF1FEC2752007EBECB /* Info.plist */,
			);
			path = "AC-iOS-MidUnit4Assessment-StudentVersion";
			sourceTree = "<group>";
		};
/* End PBXGroup section */

/* Begin PBXNativeTarget section */
		545F2AAF1FEC2752007EBECB /* AC-iOS-MidUnit4Assessment-StudentVersion */ = {
			isa = PBXNativeTarget;
			buildConfigurationList = 545F2AC21FEC2752007EBECB /* Build configuration list for PBXNativeTarget "AC-iOS-MidUnit4Assessment-StudentVersion" */;
			buildPhases = (
				545F2AAC1FEC2752007EBECB /* Sources */,
				545F2AAD1FEC2752007EBECB /* Frameworks */,
				545F2AAE1FEC2752007EBECB /* Resources */,
			);
			buildRules = (
			);
			dependencies = (
			);
			name = "AC-iOS-MidUnit4Assessment-StudentVersion";
			productName = "AC-iOS-MidUnit4Assessment-StudentVersion";
			productReference = 545F2AB01FEC2752007EBECB /* AC-iOS-MidUnit4Assessment-StudentVersion.app */;
			productType = "com.apple.product-type.application";
		};
/* End PBXNativeTarget section */

/* Begin PBXProject section */
		545F2AA81FEC2752007EBECB /* Project object */ = {
			isa = PBXProject;
			attributes = {
				LastSwiftUpdateCheck = 0920;
				LastUpgradeCheck = 0920;
				ORGANIZATIONNAME = "C4Q ";
				TargetAttributes = {
					545F2AAF1FEC2752007EBECB = {
						CreatedOnToolsVersion = 9.2;
						ProvisioningStyle = Automatic;
					};
				};
			};
			buildConfigurationList = 545F2AAB1FEC2752007EBECB /* Build configuration list for PBXProject "AC-iOS-MidUnit4Assessment-StudentVersion" */;
			compatibilityVersion = "Xcode 8.0";
			developmentRegion = en;
			hasScannedForEncodings = 0;
			knownRegions = (
				en,
				Base,
			);
			mainGroup = 545F2AA71FEC2752007EBECB;
			productRefGroup = 545F2AB11FEC2752007EBECB /* Products */;
			projectDirPath = "";
			projectRoot = "";
			targets = (
				545F2AAF1FEC2752007EBECB /* AC-iOS-MidUnit4Assessment-StudentVersion */,
			);
		};
/* End PBXProject section */

/* Begin PBXResourcesBuildPhase section */
		545F2AAE1FEC2752007EBECB /* Resources */ = {
			isa = PBXResourcesBuildPhase;
			buildActionMask = 2147483647;
			files = (
				545F2ABE1FEC2752007EBECB /* LaunchScreen.storyboard in Resources */,
				814A6EA61FED626600622332 /* HistoryCellView.xib in Resources */,
				545F2ABB1FEC2752007EBECB /* Assets.xcassets in Resources */,
				545F2AB91FEC2752007EBECB /* Main.storyboard in Resources */,
			);
			runOnlyForDeploymentPostprocessing = 0;
		};
/* End PBXResourcesBuildPhase section */

/* Begin PBXSourcesBuildPhase section */
		545F2AAC1FEC2752007EBECB /* Sources */ = {
			isa = PBXSourcesBuildPhase;
			buildActionMask = 2147483647;
			files = (
				814A6EB61FEDB1A800622332 /* RecentsTableViewCell.swift in Sources */,
				545F2AB61FEC2752007EBECB /* CardsViewController.swift in Sources */,
				814A6EB21FEDAFAA00622332 /* RecentDataViewController.swift in Sources */,
				545F2AB41FEC2752007EBECB /* AppDelegate.swift in Sources */,
				814A6EA41FED60F400622332 /* NetworkHelper.swift in Sources */,
				814A6EA01FED5A6D00622332 /* HistoryCellView.swift in Sources */,
				814A6EAA1FED7C6D00622332 /* CardCollectionViewCell.swift in Sources */,
				814A6EB41FEDB13C00622332 /* RecentsCollectionViewCell.swift in Sources */,
				814A6EA21FED5FCD00622332 /* Cards.swift in Sources */,
				814A6EAE1FEDA76C00622332 /* RecentData.swift in Sources */,
				814A6EAC1FEDA70E00622332 /* RecentDataStore.swift in Sources */,
				814A6EB01FEDAA6400622332 /* DataModel.swift in Sources */,
			);
			runOnlyForDeploymentPostprocessing = 0;
		};
/* End PBXSourcesBuildPhase section */

/* Begin PBXVariantGroup section */
		545F2AB71FEC2752007EBECB /* Main.storyboard */ = {
			isa = PBXVariantGroup;
			children = (
				545F2AB81FEC2752007EBECB /* Base */,
			);
			name = Main.storyboard;
			sourceTree = "<group>";
		};
		545F2ABC1FEC2752007EBECB /* LaunchScreen.storyboard */ = {
			isa = PBXVariantGroup;
			children = (
				545F2ABD1FEC2752007EBECB /* Base */,
			);
			name = LaunchScreen.storyboard;
			sourceTree = "<group>";
		};
/* End PBXVariantGroup section */

/* Begin XCBuildConfiguration section */
		545F2AC01FEC2752007EBECB /* Debug */ = {
			isa = XCBuildConfiguration;
			buildSettings = {
				ALWAYS_SEARCH_USER_PATHS = NO;
				CLANG_ANALYZER_NONNULL = YES;
				CLANG_ANALYZER_NUMBER_OBJECT_CONVERSION = YES_AGGRESSIVE;
				CLANG_CXX_LANGUAGE_STANDARD = "gnu++14";
				CLANG_CXX_LIBRARY = "libc++";
				CLANG_ENABLE_MODULES = YES;
				CLANG_ENABLE_OBJC_ARC = YES;
				CLANG_WARN_BLOCK_CAPTURE_AUTORELEASING = YES;
				CLANG_WARN_BOOL_CONVERSION = YES;
				CLANG_WARN_COMMA = YES;
				CLANG_WARN_CONSTANT_CONVERSION = YES;
				CLANG_WARN_DIRECT_OBJC_ISA_USAGE = YES_ERROR;
				CLANG_WARN_DOCUMENTATION_COMMENTS = YES;
				CLANG_WARN_EMPTY_BODY = YES;
				CLANG_WARN_ENUM_CONVERSION = YES;
				CLANG_WARN_INFINITE_RECURSION = YES;
				CLANG_WARN_INT_CONVERSION = YES;
				CLANG_WARN_NON_LITERAL_NULL_CONVERSION = YES;
				CLANG_WARN_OBJC_LITERAL_CONVERSION = YES;
				CLANG_WARN_OBJC_ROOT_CLASS = YES_ERROR;
				CLANG_WARN_RANGE_LOOP_ANALYSIS = YES;
				CLANG_WARN_STRICT_PROTOTYPES = YES;
				CLANG_WARN_SUSPICIOUS_MOVE = YES;
				CLANG_WARN_UNGUARDED_AVAILABILITY = YES_AGGRESSIVE;
				CLANG_WARN_UNREACHABLE_CODE = YES;
				CLANG_WARN__DUPLICATE_METHOD_MATCH = YES;
				CODE_SIGN_IDENTITY = "iPhone Developer";
				COPY_PHASE_STRIP = NO;
				DEBUG_INFORMATION_FORMAT = dwarf;
				ENABLE_STRICT_OBJC_MSGSEND = YES;
				ENABLE_TESTABILITY = YES;
				GCC_C_LANGUAGE_STANDARD = gnu11;
				GCC_DYNAMIC_NO_PIC = NO;
				GCC_NO_COMMON_BLOCKS = YES;
				GCC_OPTIMIZATION_LEVEL = 0;
				GCC_PREPROCESSOR_DEFINITIONS = (
					"DEBUG=1",
					"$(inherited)",
				);
				GCC_WARN_64_TO_32_BIT_CONVERSION = YES;
				GCC_WARN_ABOUT_RETURN_TYPE = YES_ERROR;
				GCC_WARN_UNDECLARED_SELECTOR = YES;
				GCC_WARN_UNINITIALIZED_AUTOS = YES_AGGRESSIVE;
				GCC_WARN_UNUSED_FUNCTION = YES;
				GCC_WARN_UNUSED_VARIABLE = YES;
				IPHONEOS_DEPLOYMENT_TARGET = 11.2;
				MTL_ENABLE_DEBUG_INFO = YES;
				ONLY_ACTIVE_ARCH = YES;
				SDKROOT = iphoneos;
				SWIFT_ACTIVE_COMPILATION_CONDITIONS = DEBUG;
				SWIFT_OPTIMIZATION_LEVEL = "-Onone";
			};
			name = Debug;
		};
		545F2AC11FEC2752007EBECB /* Release */ = {
			isa = XCBuildConfiguration;
			buildSettings = {
				ALWAYS_SEARCH_USER_PATHS = NO;
				CLANG_ANALYZER_NONNULL = YES;
				CLANG_ANALYZER_NUMBER_OBJECT_CONVERSION = YES_AGGRESSIVE;
				CLANG_CXX_LANGUAGE_STANDARD = "gnu++14";
				CLANG_CXX_LIBRARY = "libc++";
				CLANG_ENABLE_MODULES = YES;
				CLANG_ENABLE_OBJC_ARC = YES;
				CLANG_WARN_BLOCK_CAPTURE_AUTORELEASING = YES;
				CLANG_WARN_BOOL_CONVERSION = YES;
				CLANG_WARN_COMMA = YES;
				CLANG_WARN_CONSTANT_CONVERSION = YES;
				CLANG_WARN_DIRECT_OBJC_ISA_USAGE = YES_ERROR;
				CLANG_WARN_DOCUMENTATION_COMMENTS = YES;
				CLANG_WARN_EMPTY_BODY = YES;
				CLANG_WARN_ENUM_CONVERSION = YES;
				CLANG_WARN_INFINITE_RECURSION = YES;
				CLANG_WARN_INT_CONVERSION = YES;
				CLANG_WARN_NON_LITERAL_NULL_CONVERSION = YES;
				CLANG_WARN_OBJC_LITERAL_CONVERSION = YES;
				CLANG_WARN_OBJC_ROOT_CLASS = YES_ERROR;
				CLANG_WARN_RANGE_LOOP_ANALYSIS = YES;
				CLANG_WARN_STRICT_PROTOTYPES = YES;
				CLANG_WARN_SUSPICIOUS_MOVE = YES;
				CLANG_WARN_UNGUARDED_AVAILABILITY = YES_AGGRESSIVE;
				CLANG_WARN_UNREACHABLE_CODE = YES;
				CLANG_WARN__DUPLICATE_METHOD_MATCH = YES;
				CODE_SIGN_IDENTITY = "iPhone Developer";
				COPY_PHASE_STRIP = NO;
				DEBUG_INFORMATION_FORMAT = "dwarf-with-dsym";
				ENABLE_NS_ASSERTIONS = NO;
				ENABLE_STRICT_OBJC_MSGSEND = YES;
				GCC_C_LANGUAGE_STANDARD = gnu11;
				GCC_NO_COMMON_BLOCKS = YES;
				GCC_WARN_64_TO_32_BIT_CONVERSION = YES;
				GCC_WARN_ABOUT_RETURN_TYPE = YES_ERROR;
				GCC_WARN_UNDECLARED_SELECTOR = YES;
				GCC_WARN_UNINITIALIZED_AUTOS = YES_AGGRESSIVE;
				GCC_WARN_UNUSED_FUNCTION = YES;
				GCC_WARN_UNUSED_VARIABLE = YES;
				IPHONEOS_DEPLOYMENT_TARGET = 11.2;
				MTL_ENABLE_DEBUG_INFO = NO;
				SDKROOT = iphoneos;
				SWIFT_OPTIMIZATION_LEVEL = "-Owholemodule";
				VALIDATE_PRODUCT = YES;
			};
			name = Release;
		};
		545F2AC31FEC2752007EBECB /* Debug */ = {
			isa = XCBuildConfiguration;
			buildSettings = {
				ASSETCATALOG_COMPILER_APPICON_NAME = AppIcon;
				CODE_SIGN_STYLE = Automatic;
				INFOPLIST_FILE = "AC-iOS-MidUnit4Assessment-StudentVersion/Info.plist";
				IPHONEOS_DEPLOYMENT_TARGET = 11.0;
				LD_RUNPATH_SEARCH_PATHS = "$(inherited) @executable_path/Frameworks";
				PRODUCT_BUNDLE_IDENTIFIER = "c4q.AC-iOS-MidUnit4Assessment-StudentVersion";
				PRODUCT_NAME = "$(TARGET_NAME)";
				SWIFT_VERSION = 4.0;
				TARGETED_DEVICE_FAMILY = "1,2";
			};
			name = Debug;
		};
		545F2AC41FEC2752007EBECB /* Release */ = {
			isa = XCBuildConfiguration;
			buildSettings = {
				ASSETCATALOG_COMPILER_APPICON_NAME = AppIcon;
				CODE_SIGN_STYLE = Automatic;
				INFOPLIST_FILE = "AC-iOS-MidUnit4Assessment-StudentVersion/Info.plist";
				IPHONEOS_DEPLOYMENT_TARGET = 11.0;
				LD_RUNPATH_SEARCH_PATHS = "$(inherited) @executable_path/Frameworks";
				PRODUCT_BUNDLE_IDENTIFIER = "c4q.AC-iOS-MidUnit4Assessment-StudentVersion";
				PRODUCT_NAME = "$(TARGET_NAME)";
				SWIFT_VERSION = 4.0;
				TARGETED_DEVICE_FAMILY = "1,2";
			};
			name = Release;
		};
/* End XCBuildConfiguration section */

/* Begin XCConfigurationList section */
		545F2AAB1FEC2752007EBECB /* Build configuration list for PBXProject "AC-iOS-MidUnit4Assessment-StudentVersion" */ = {
			isa = XCConfigurationList;
			buildConfigurations = (
				545F2AC01FEC2752007EBECB /* Debug */,
				545F2AC11FEC2752007EBECB /* Release */,
			);
			defaultConfigurationIsVisible = 0;
			defaultConfigurationName = Release;
		};
		545F2AC21FEC2752007EBECB /* Build configuration list for PBXNativeTarget "AC-iOS-MidUnit4Assessment-StudentVersion" */ = {
			isa = XCConfigurationList;
			buildConfigurations = (
				545F2AC31FEC2752007EBECB /* Debug */,
				545F2AC41FEC2752007EBECB /* Release */,
			);
			defaultConfigurationIsVisible = 0;
			defaultConfigurationName = Release;
		};
/* End XCConfigurationList section */
	};
	rootObject = 545F2AA81FEC2752007EBECB /* Project object */;
}
